// !$*UTF8*$!
{
	archiveVersion = 1;
	classes = {
	};
	objectVersion = 56;
	objects = {

/* Begin PBXBuildFile section */
		0815D0C028AA2F4400045F6C /* UserDefaultsObjectCoder in Frameworks */ = {isa = PBXBuildFile; productRef = 0815D0BF28AA2F4400045F6C /* UserDefaultsObjectCoder */; };
		0837B1D52896C60200756117 /* FontSettings.swift in Sources */ = {isa = PBXBuildFile; fileRef = 0837B1D42896C60200756117 /* FontSettings.swift */; };
		0837B1D72897778100756117 /* InMemorySettings.swift in Sources */ = {isa = PBXBuildFile; fileRef = 0837B1D62897778100756117 /* InMemorySettings.swift */; };
		0837B1D928979D2D00756117 /* Environment+Settings.swift in Sources */ = {isa = PBXBuildFile; fileRef = 0837B1D828979D2D00756117 /* Environment+Settings.swift */; };
		08A58F8528C1A1AD00A0BB3A /* FontSetting.swift in Sources */ = {isa = PBXBuildFile; fileRef = 08A58F8428C1A1AD00A0BB3A /* FontSetting.swift */; };
		08A58F8A28C1A87F00A0BB3A /* GreetingStore.swift in Sources */ = {isa = PBXBuildFile; fileRef = 08A58F8928C1A87F00A0BB3A /* GreetingStore.swift */; };
		08B1F7DF287BE03C00683647 /* View+.swift in Sources */ = {isa = PBXBuildFile; fileRef = 08B1F7DE287BE03C00683647 /* View+.swift */; };
		08B1F7E1287BE2F300683647 /* ContentViewModel.swift in Sources */ = {isa = PBXBuildFile; fileRef = 08B1F7E0287BE2F300683647 /* ContentViewModel.swift */; };
		08E3F08F2879C32C002D98CD /* DefaultsSampleApp.swift in Sources */ = {isa = PBXBuildFile; fileRef = 08E3F08E2879C32C002D98CD /* DefaultsSampleApp.swift */; platformFilter = ios; };
		08E3F0912879C32C002D98CD /* ContentView.swift in Sources */ = {isa = PBXBuildFile; fileRef = 08E3F0902879C32C002D98CD /* ContentView.swift */; };
		08E3F0932879C32D002D98CD /* Assets.xcassets in Resources */ = {isa = PBXBuildFile; fileRef = 08E3F0922879C32D002D98CD /* Assets.xcassets */; };
		08E3F0972879C32D002D98CD /* Preview Assets.xcassets in Resources */ = {isa = PBXBuildFile; fileRef = 08E3F0962879C32D002D98CD /* Preview Assets.xcassets */; };
		08E3F0A12879C32D002D98CD /* DefaultsSampleTests.swift in Sources */ = {isa = PBXBuildFile; fileRef = 08E3F0A02879C32D002D98CD /* DefaultsSampleTests.swift */; };
		08E3F0AB2879C32D002D98CD /* DefaultsSampleUITests.swift in Sources */ = {isa = PBXBuildFile; fileRef = 08E3F0AA2879C32D002D98CD /* DefaultsSampleUITests.swift */; };
		08E3F0AD2879C32D002D98CD /* DefaultsSampleUITestsLaunchTests.swift in Sources */ = {isa = PBXBuildFile; fileRef = 08E3F0AC2879C32D002D98CD /* DefaultsSampleUITestsLaunchTests.swift */; };
		08E3F0BA2879C40E002D98CD /* AppDelegate.swift in Sources */ = {isa = PBXBuildFile; fileRef = 08E3F0B92879C40E002D98CD /* AppDelegate.swift */; platformFilters = (macos, ); };
		08E3F0C62879C56C002D98CD /* AppSetting.swift in Sources */ = {isa = PBXBuildFile; fileRef = 08E3F0C42879C56C002D98CD /* AppSetting.swift */; };
		08E3F0C72879C56C002D98CD /* Preferences.swift in Sources */ = {isa = PBXBuildFile; fileRef = 08E3F0C52879C56C002D98CD /* Preferences.swift */; };
		08E3F0CC2879C67D002D98CD /* UserDefaultsWrapper in Frameworks */ = {isa = PBXBuildFile; productRef = 08E3F0CB2879C67D002D98CD /* UserDefaultsWrapper */; };
		08E3F0D12879C734002D98CD /* DefaultsSampleApp.swift in Sources */ = {isa = PBXBuildFile; fileRef = 08E3F0D02879C734002D98CD /* DefaultsSampleApp.swift */; platformFilters = (macos, ); };
/* End PBXBuildFile section */

/* Begin PBXContainerItemProxy section */
		08E3F09D2879C32D002D98CD /* PBXContainerItemProxy */ = {
			isa = PBXContainerItemProxy;
			containerPortal = 08E3F0832879C32C002D98CD /* Project object */;
			proxyType = 1;
			remoteGlobalIDString = 08E3F08A2879C32C002D98CD;
			remoteInfo = DefaultsSample;
		};
		08E3F0A72879C32D002D98CD /* PBXContainerItemProxy */ = {
			isa = PBXContainerItemProxy;
			containerPortal = 08E3F0832879C32C002D98CD /* Project object */;
			proxyType = 1;
			remoteGlobalIDString = 08E3F08A2879C32C002D98CD;
			remoteInfo = DefaultsSample;
		};
/* End PBXContainerItemProxy section */

/* Begin PBXFileReference section */
		0837B1D42896C60200756117 /* FontSettings.swift */ = {isa = PBXFileReference; lastKnownFileType = sourcecode.swift; path = FontSettings.swift; sourceTree = "<group>"; };
		0837B1D62897778100756117 /* InMemorySettings.swift */ = {isa = PBXFileReference; lastKnownFileType = sourcecode.swift; path = InMemorySettings.swift; sourceTree = "<group>"; };
		0837B1D828979D2D00756117 /* Environment+Settings.swift */ = {isa = PBXFileReference; lastKnownFileType = sourcecode.swift; path = "Environment+Settings.swift"; sourceTree = "<group>"; };
		08A58F8428C1A1AD00A0BB3A /* FontSetting.swift */ = {isa = PBXFileReference; lastKnownFileType = sourcecode.swift; path = FontSetting.swift; sourceTree = "<group>"; };
		08A58F8928C1A87F00A0BB3A /* GreetingStore.swift */ = {isa = PBXFileReference; lastKnownFileType = sourcecode.swift; path = GreetingStore.swift; sourceTree = "<group>"; };
		08B1F7DE287BE03C00683647 /* View+.swift */ = {isa = PBXFileReference; fileEncoding = 4; lastKnownFileType = sourcecode.swift; path = "View+.swift"; sourceTree = "<group>"; };
		08B1F7E0287BE2F300683647 /* ContentViewModel.swift */ = {isa = PBXFileReference; lastKnownFileType = sourcecode.swift; path = ContentViewModel.swift; sourceTree = "<group>"; };
		08E3F08B2879C32C002D98CD /* DefaultsSample.app */ = {isa = PBXFileReference; explicitFileType = wrapper.application; includeInIndex = 0; path = DefaultsSample.app; sourceTree = BUILT_PRODUCTS_DIR; };
		08E3F08E2879C32C002D98CD /* DefaultsSampleApp.swift */ = {isa = PBXFileReference; lastKnownFileType = sourcecode.swift; path = DefaultsSampleApp.swift; sourceTree = "<group>"; };
		08E3F0902879C32C002D98CD /* ContentView.swift */ = {isa = PBXFileReference; lastKnownFileType = sourcecode.swift; path = ContentView.swift; sourceTree = "<group>"; };
		08E3F0922879C32D002D98CD /* Assets.xcassets */ = {isa = PBXFileReference; lastKnownFileType = folder.assetcatalog; path = Assets.xcassets; sourceTree = "<group>"; };
		08E3F0942879C32D002D98CD /* DefaultsSample.entitlements */ = {isa = PBXFileReference; lastKnownFileType = text.plist.entitlements; path = DefaultsSample.entitlements; sourceTree = "<group>"; };
		08E3F0962879C32D002D98CD /* Preview Assets.xcassets */ = {isa = PBXFileReference; lastKnownFileType = folder.assetcatalog; path = "Preview Assets.xcassets"; sourceTree = "<group>"; };
		08E3F09C2879C32D002D98CD /* DefaultsSampleTests.xctest */ = {isa = PBXFileReference; explicitFileType = wrapper.cfbundle; includeInIndex = 0; path = DefaultsSampleTests.xctest; sourceTree = BUILT_PRODUCTS_DIR; };
		08E3F0A02879C32D002D98CD /* DefaultsSampleTests.swift */ = {isa = PBXFileReference; lastKnownFileType = sourcecode.swift; path = DefaultsSampleTests.swift; sourceTree = "<group>"; };
		08E3F0A62879C32D002D98CD /* DefaultsSampleUITests.xctest */ = {isa = PBXFileReference; explicitFileType = wrapper.cfbundle; includeInIndex = 0; path = DefaultsSampleUITests.xctest; sourceTree = BUILT_PRODUCTS_DIR; };
		08E3F0AA2879C32D002D98CD /* DefaultsSampleUITests.swift */ = {isa = PBXFileReference; lastKnownFileType = sourcecode.swift; path = DefaultsSampleUITests.swift; sourceTree = "<group>"; };
		08E3F0AC2879C32D002D98CD /* DefaultsSampleUITestsLaunchTests.swift */ = {isa = PBXFileReference; lastKnownFileType = sourcecode.swift; path = DefaultsSampleUITestsLaunchTests.swift; sourceTree = "<group>"; };
		08E3F0B92879C40E002D98CD /* AppDelegate.swift */ = {isa = PBXFileReference; fileEncoding = 4; lastKnownFileType = sourcecode.swift; path = AppDelegate.swift; sourceTree = "<group>"; };
		08E3F0C42879C56C002D98CD /* AppSetting.swift */ = {isa = PBXFileReference; fileEncoding = 4; lastKnownFileType = sourcecode.swift; path = AppSetting.swift; sourceTree = "<group>"; };
		08E3F0C52879C56C002D98CD /* Preferences.swift */ = {isa = PBXFileReference; fileEncoding = 4; lastKnownFileType = sourcecode.swift; path = Preferences.swift; sourceTree = "<group>"; };
		08E3F0C92879C66D002D98CD /* UserDefaultsWrapper */ = {isa = PBXFileReference; lastKnownFileType = wrapper; name = UserDefaultsWrapper; path = ../..; sourceTree = "<group>"; };
		08E3F0D02879C734002D98CD /* DefaultsSampleApp.swift */ = {isa = PBXFileReference; lastKnownFileType = sourcecode.swift; path = DefaultsSampleApp.swift; sourceTree = "<group>"; };
/* End PBXFileReference section */

/* Begin PBXFrameworksBuildPhase section */
		08E3F0882879C32C002D98CD /* Frameworks */ = {
			isa = PBXFrameworksBuildPhase;
			buildActionMask = 2147483647;
			files = (
				0815D0C028AA2F4400045F6C /* UserDefaultsObjectCoder in Frameworks */,
				08E3F0CC2879C67D002D98CD /* UserDefaultsWrapper in Frameworks */,
			);
			runOnlyForDeploymentPostprocessing = 0;
		};
		08E3F0992879C32D002D98CD /* Frameworks */ = {
			isa = PBXFrameworksBuildPhase;
			buildActionMask = 2147483647;
			files = (
			);
			runOnlyForDeploymentPostprocessing = 0;
		};
		08E3F0A32879C32D002D98CD /* Frameworks */ = {
			isa = PBXFrameworksBuildPhase;
			buildActionMask = 2147483647;
			files = (
			);
			runOnlyForDeploymentPostprocessing = 0;
		};
/* End PBXFrameworksBuildPhase section */

/* Begin PBXGroup section */
		0837B1D32896C5F000756117 /* Settings */ = {
			isa = PBXGroup;
			children = (
				08A58F8628C1A1EB00A0BB3A /* SwiftUIHelper */,
				0837B1D42896C60200756117 /* FontSettings.swift */,
				08A58F8928C1A87F00A0BB3A /* GreetingStore.swift */,
				0837B1D62897778100756117 /* InMemorySettings.swift */,
				08E3F0C52879C56C002D98CD /* Preferences.swift */,
			);
			path = Settings;
			sourceTree = "<group>";
		};
		08A58F8628C1A1EB00A0BB3A /* SwiftUIHelper */ = {
			isa = PBXGroup;
			children = (
				08E3F0C42879C56C002D98CD /* AppSetting.swift */,
				08A58F8428C1A1AD00A0BB3A /* FontSetting.swift */,
				0837B1D828979D2D00756117 /* Environment+Settings.swift */,
			);
			path = SwiftUIHelper;
			sourceTree = "<group>";
		};
		08E3F0822879C32C002D98CD = {
			isa = PBXGroup;
			children = (
				08E3F0C82879C66D002D98CD /* Packages */,
				08E3F08D2879C32C002D98CD /* DefaultsSample */,
				08E3F09F2879C32D002D98CD /* DefaultsSampleTests */,
				08E3F0A92879C32D002D98CD /* DefaultsSampleUITests */,
				08E3F08C2879C32C002D98CD /* Products */,
				08E3F0CA2879C67D002D98CD /* Frameworks */,
			);
			sourceTree = "<group>";
		};
		08E3F08C2879C32C002D98CD /* Products */ = {
			isa = PBXGroup;
			children = (
				08E3F08B2879C32C002D98CD /* DefaultsSample.app */,
				08E3F09C2879C32D002D98CD /* DefaultsSampleTests.xctest */,
				08E3F0A62879C32D002D98CD /* DefaultsSampleUITests.xctest */,
			);
			name = Products;
			sourceTree = "<group>";
		};
		08E3F08D2879C32C002D98CD /* DefaultsSample */ = {
			isa = PBXGroup;
			children = (
				0837B1D32896C5F000756117 /* Settings */,
				08E3F0902879C32C002D98CD /* ContentView.swift */,
				08B1F7E0287BE2F300683647 /* ContentViewModel.swift */,
				08B1F7DE287BE03C00683647 /* View+.swift */,
				08E3F0CF2879C728002D98CD /* iOS */,
				08E3F0BF2879C4A8002D98CD /* macOS */,
				08E3F0922879C32D002D98CD /* Assets.xcassets */,
				08E3F0942879C32D002D98CD /* DefaultsSample.entitlements */,
				08E3F0952879C32D002D98CD /* Preview Content */,
			);
			path = DefaultsSample;
			sourceTree = "<group>";
		};
		08E3F0952879C32D002D98CD /* Preview Content */ = {
			isa = PBXGroup;
			children = (
				08E3F0962879C32D002D98CD /* Preview Assets.xcassets */,
			);
			path = "Preview Content";
			sourceTree = "<group>";
		};
		08E3F09F2879C32D002D98CD /* DefaultsSampleTests */ = {
			isa = PBXGroup;
			children = (
				08E3F0A02879C32D002D98CD /* DefaultsSampleTests.swift */,
			);
			path = DefaultsSampleTests;
			sourceTree = "<group>";
		};
		08E3F0A92879C32D002D98CD /* DefaultsSampleUITests */ = {
			isa = PBXGroup;
			children = (
				08E3F0AA2879C32D002D98CD /* DefaultsSampleUITests.swift */,
				08E3F0AC2879C32D002D98CD /* DefaultsSampleUITestsLaunchTests.swift */,
			);
			path = DefaultsSampleUITests;
			sourceTree = "<group>";
		};
		08E3F0BF2879C4A8002D98CD /* macOS */ = {
			isa = PBXGroup;
			children = (
				08E3F0D02879C734002D98CD /* DefaultsSampleApp.swift */,
				08E3F0B92879C40E002D98CD /* AppDelegate.swift */,
			);
			path = macOS;
			sourceTree = "<group>";
		};
		08E3F0C82879C66D002D98CD /* Packages */ = {
			isa = PBXGroup;
			children = (
				08E3F0C92879C66D002D98CD /* UserDefaultsWrapper */,
			);
			name = Packages;
			sourceTree = "<group>";
		};
		08E3F0CA2879C67D002D98CD /* Frameworks */ = {
			isa = PBXGroup;
			children = (
			);
			name = Frameworks;
			sourceTree = "<group>";
		};
		08E3F0CF2879C728002D98CD /* iOS */ = {
			isa = PBXGroup;
			children = (
				08E3F08E2879C32C002D98CD /* DefaultsSampleApp.swift */,
			);
			path = iOS;
			sourceTree = "<group>";
		};
/* End PBXGroup section */

/* Begin PBXNativeTarget section */
		08E3F08A2879C32C002D98CD /* DefaultsSample */ = {
			isa = PBXNativeTarget;
			buildConfigurationList = 08E3F0B02879C32D002D98CD /* Build configuration list for PBXNativeTarget "DefaultsSample" */;
			buildPhases = (
				08E3F0872879C32C002D98CD /* Sources */,
				08E3F0882879C32C002D98CD /* Frameworks */,
				08E3F0892879C32C002D98CD /* Resources */,
			);
			buildRules = (
			);
			dependencies = (
			);
			name = DefaultsSample;
			packageProductDependencies = (
				08E3F0CB2879C67D002D98CD /* UserDefaultsWrapper */,
				0815D0BF28AA2F4400045F6C /* UserDefaultsObjectCoder */,
			);
			productName = DefaultsSample;
			productReference = 08E3F08B2879C32C002D98CD /* DefaultsSample.app */;
			productType = "com.apple.product-type.application";
		};
		08E3F09B2879C32D002D98CD /* DefaultsSampleTests */ = {
			isa = PBXNativeTarget;
			buildConfigurationList = 08E3F0B32879C32D002D98CD /* Build configuration list for PBXNativeTarget "DefaultsSampleTests" */;
			buildPhases = (
				08E3F0982879C32D002D98CD /* Sources */,
				08E3F0992879C32D002D98CD /* Frameworks */,
				08E3F09A2879C32D002D98CD /* Resources */,
			);
			buildRules = (
			);
			dependencies = (
				08E3F09E2879C32D002D98CD /* PBXTargetDependency */,
			);
			name = DefaultsSampleTests;
			productName = DefaultsSampleTests;
			productReference = 08E3F09C2879C32D002D98CD /* DefaultsSampleTests.xctest */;
			productType = "com.apple.product-type.bundle.unit-test";
		};
		08E3F0A52879C32D002D98CD /* DefaultsSampleUITests */ = {
			isa = PBXNativeTarget;
			buildConfigurationList = 08E3F0B62879C32D002D98CD /* Build configuration list for PBXNativeTarget "DefaultsSampleUITests" */;
			buildPhases = (
				08E3F0A22879C32D002D98CD /* Sources */,
				08E3F0A32879C32D002D98CD /* Frameworks */,
				08E3F0A42879C32D002D98CD /* Resources */,
			);
			buildRules = (
			);
			dependencies = (
				08E3F0A82879C32D002D98CD /* PBXTargetDependency */,
			);
			name = DefaultsSampleUITests;
			productName = DefaultsSampleUITests;
			productReference = 08E3F0A62879C32D002D98CD /* DefaultsSampleUITests.xctest */;
			productType = "com.apple.product-type.bundle.ui-testing";
		};
/* End PBXNativeTarget section */

/* Begin PBXProject section */
		08E3F0832879C32C002D98CD /* Project object */ = {
			isa = PBXProject;
			attributes = {
				BuildIndependentTargetsInParallel = 1;
				LastSwiftUpdateCheck = 1400;
				LastUpgradeCheck = 1400;
				TargetAttributes = {
					08E3F08A2879C32C002D98CD = {
						CreatedOnToolsVersion = 14.0;
					};
					08E3F09B2879C32D002D98CD = {
						CreatedOnToolsVersion = 14.0;
						TestTargetID = 08E3F08A2879C32C002D98CD;
					};
					08E3F0A52879C32D002D98CD = {
						CreatedOnToolsVersion = 14.0;
						TestTargetID = 08E3F08A2879C32C002D98CD;
					};
				};
			};
			buildConfigurationList = 08E3F0862879C32C002D98CD /* Build configuration list for PBXProject "DefaultsSample" */;
			compatibilityVersion = "Xcode 14.0";
			developmentRegion = en;
			hasScannedForEncodings = 0;
			knownRegions = (
				en,
				Base,
			);
			mainGroup = 08E3F0822879C32C002D98CD;
			productRefGroup = 08E3F08C2879C32C002D98CD /* Products */;
			projectDirPath = "";
			projectRoot = "";
			targets = (
				08E3F08A2879C32C002D98CD /* DefaultsSample */,
				08E3F09B2879C32D002D98CD /* DefaultsSampleTests */,
				08E3F0A52879C32D002D98CD /* DefaultsSampleUITests */,
			);
		};
/* End PBXProject section */

/* Begin PBXResourcesBuildPhase section */
		08E3F0892879C32C002D98CD /* Resources */ = {
			isa = PBXResourcesBuildPhase;
			buildActionMask = 2147483647;
			files = (
				08E3F0972879C32D002D98CD /* Preview Assets.xcassets in Resources */,
				08E3F0932879C32D002D98CD /* Assets.xcassets in Resources */,
			);
			runOnlyForDeploymentPostprocessing = 0;
		};
		08E3F09A2879C32D002D98CD /* Resources */ = {
			isa = PBXResourcesBuildPhase;
			buildActionMask = 2147483647;
			files = (
			);
			runOnlyForDeploymentPostprocessing = 0;
		};
		08E3F0A42879C32D002D98CD /* Resources */ = {
			isa = PBXResourcesBuildPhase;
			buildActionMask = 2147483647;
			files = (
			);
			runOnlyForDeploymentPostprocessing = 0;
		};
/* End PBXResourcesBuildPhase section */

/* Begin PBXSourcesBuildPhase section */
		08E3F0872879C32C002D98CD /* Sources */ = {
			isa = PBXSourcesBuildPhase;
			buildActionMask = 2147483647;
			files = (
				0837B1D72897778100756117 /* InMemorySettings.swift in Sources */,
				08B1F7E1287BE2F300683647 /* ContentViewModel.swift in Sources */,
				08E3F0BA2879C40E002D98CD /* AppDelegate.swift in Sources */,
				08E3F0D12879C734002D98CD /* DefaultsSampleApp.swift in Sources */,
				08E3F0912879C32C002D98CD /* ContentView.swift in Sources */,
				08B1F7DF287BE03C00683647 /* View+.swift in Sources */,
				08A58F8A28C1A87F00A0BB3A /* GreetingStore.swift in Sources */,
				08E3F0C72879C56C002D98CD /* Preferences.swift in Sources */,
				0837B1D52896C60200756117 /* FontSettings.swift in Sources */,
				08A58F8528C1A1AD00A0BB3A /* FontSetting.swift in Sources */,
				0837B1D928979D2D00756117 /* Environment+Settings.swift in Sources */,
				08E3F0C62879C56C002D98CD /* AppSetting.swift in Sources */,
				08E3F08F2879C32C002D98CD /* DefaultsSampleApp.swift in Sources */,
			);
			runOnlyForDeploymentPostprocessing = 0;
		};
		08E3F0982879C32D002D98CD /* Sources */ = {
			isa = PBXSourcesBuildPhase;
			buildActionMask = 2147483647;
			files = (
				08E3F0A12879C32D002D98CD /* DefaultsSampleTests.swift in Sources */,
			);
			runOnlyForDeploymentPostprocessing = 0;
		};
		08E3F0A22879C32D002D98CD /* Sources */ = {
			isa = PBXSourcesBuildPhase;
			buildActionMask = 2147483647;
			files = (
				08E3F0AD2879C32D002D98CD /* DefaultsSampleUITestsLaunchTests.swift in Sources */,
				08E3F0AB2879C32D002D98CD /* DefaultsSampleUITests.swift in Sources */,
			);
			runOnlyForDeploymentPostprocessing = 0;
		};
/* End PBXSourcesBuildPhase section */

/* Begin PBXTargetDependency section */
		08E3F09E2879C32D002D98CD /* PBXTargetDependency */ = {
			isa = PBXTargetDependency;
			target = 08E3F08A2879C32C002D98CD /* DefaultsSample */;
			targetProxy = 08E3F09D2879C32D002D98CD /* PBXContainerItemProxy */;
		};
		08E3F0A82879C32D002D98CD /* PBXTargetDependency */ = {
			isa = PBXTargetDependency;
			target = 08E3F08A2879C32C002D98CD /* DefaultsSample */;
			targetProxy = 08E3F0A72879C32D002D98CD /* PBXContainerItemProxy */;
		};
/* End PBXTargetDependency section */

/* Begin XCBuildConfiguration section */
		08E3F0AE2879C32D002D98CD /* Debug */ = {
			isa = XCBuildConfiguration;
			buildSettings = {
				ALWAYS_SEARCH_USER_PATHS = NO;
				CLANG_ANALYZER_NONNULL = YES;
				CLANG_ANALYZER_NUMBER_OBJECT_CONVERSION = YES_AGGRESSIVE;
				CLANG_CXX_LANGUAGE_STANDARD = "gnu++20";
				CLANG_ENABLE_MODULES = YES;
				CLANG_ENABLE_OBJC_ARC = YES;
				CLANG_ENABLE_OBJC_WEAK = YES;
				CLANG_WARN_BLOCK_CAPTURE_AUTORELEASING = YES;
				CLANG_WARN_BOOL_CONVERSION = YES;
				CLANG_WARN_COMMA = YES;
				CLANG_WARN_CONSTANT_CONVERSION = YES;
				CLANG_WARN_DEPRECATED_OBJC_IMPLEMENTATIONS = YES;
				CLANG_WARN_DIRECT_OBJC_ISA_USAGE = YES_ERROR;
				CLANG_WARN_DOCUMENTATION_COMMENTS = YES;
				CLANG_WARN_EMPTY_BODY = YES;
				CLANG_WARN_ENUM_CONVERSION = YES;
				CLANG_WARN_INFINITE_RECURSION = YES;
				CLANG_WARN_INT_CONVERSION = YES;
				CLANG_WARN_NON_LITERAL_NULL_CONVERSION = YES;
				CLANG_WARN_OBJC_IMPLICIT_RETAIN_SELF = YES;
				CLANG_WARN_OBJC_LITERAL_CONVERSION = YES;
				CLANG_WARN_OBJC_ROOT_CLASS = YES_ERROR;
				CLANG_WARN_QUOTED_INCLUDE_IN_FRAMEWORK_HEADER = YES;
				CLANG_WARN_RANGE_LOOP_ANALYSIS = YES;
				CLANG_WARN_STRICT_PROTOTYPES = YES;
				CLANG_WARN_SUSPICIOUS_MOVE = YES;
				CLANG_WARN_UNGUARDED_AVAILABILITY = YES_AGGRESSIVE;
				CLANG_WARN_UNREACHABLE_CODE = YES;
				CLANG_WARN__DUPLICATE_METHOD_MATCH = YES;
				COPY_PHASE_STRIP = NO;
				DEAD_CODE_STRIPPING = YES;
				DEBUG_INFORMATION_FORMAT = dwarf;
				ENABLE_STRICT_OBJC_MSGSEND = YES;
				ENABLE_TESTABILITY = YES;
				GCC_C_LANGUAGE_STANDARD = gnu11;
				GCC_DYNAMIC_NO_PIC = NO;
				GCC_NO_COMMON_BLOCKS = YES;
				GCC_OPTIMIZATION_LEVEL = 0;
				GCC_PREPROCESSOR_DEFINITIONS = (
					"DEBUG=1",
					"$(inherited)",
				);
				GCC_WARN_64_TO_32_BIT_CONVERSION = YES;
				GCC_WARN_ABOUT_RETURN_TYPE = YES_ERROR;
				GCC_WARN_UNDECLARED_SELECTOR = YES;
				GCC_WARN_UNINITIALIZED_AUTOS = YES_AGGRESSIVE;
				GCC_WARN_UNUSED_FUNCTION = YES;
				GCC_WARN_UNUSED_VARIABLE = YES;
				MTL_ENABLE_DEBUG_INFO = INCLUDE_SOURCE;
				MTL_FAST_MATH = YES;
				ONLY_ACTIVE_ARCH = YES;
				SWIFT_ACTIVE_COMPILATION_CONDITIONS = DEBUG;
				SWIFT_OPTIMIZATION_LEVEL = "-Onone";
			};
			name = Debug;
		};
		08E3F0AF2879C32D002D98CD /* Release */ = {
			isa = XCBuildConfiguration;
			buildSettings = {
				ALWAYS_SEARCH_USER_PATHS = NO;
				CLANG_ANALYZER_NONNULL = YES;
				CLANG_ANALYZER_NUMBER_OBJECT_CONVERSION = YES_AGGRESSIVE;
				CLANG_CXX_LANGUAGE_STANDARD = "gnu++20";
				CLANG_ENABLE_MODULES = YES;
				CLANG_ENABLE_OBJC_ARC = YES;
				CLANG_ENABLE_OBJC_WEAK = YES;
				CLANG_WARN_BLOCK_CAPTURE_AUTORELEASING = YES;
				CLANG_WARN_BOOL_CONVERSION = YES;
				CLANG_WARN_COMMA = YES;
				CLANG_WARN_CONSTANT_CONVERSION = YES;
				CLANG_WARN_DEPRECATED_OBJC_IMPLEMENTATIONS = YES;
				CLANG_WARN_DIRECT_OBJC_ISA_USAGE = YES_ERROR;
				CLANG_WARN_DOCUMENTATION_COMMENTS = YES;
				CLANG_WARN_EMPTY_BODY = YES;
				CLANG_WARN_ENUM_CONVERSION = YES;
				CLANG_WARN_INFINITE_RECURSION = YES;
				CLANG_WARN_INT_CONVERSION = YES;
				CLANG_WARN_NON_LITERAL_NULL_CONVERSION = YES;
				CLANG_WARN_OBJC_IMPLICIT_RETAIN_SELF = YES;
				CLANG_WARN_OBJC_LITERAL_CONVERSION = YES;
				CLANG_WARN_OBJC_ROOT_CLASS = YES_ERROR;
				CLANG_WARN_QUOTED_INCLUDE_IN_FRAMEWORK_HEADER = YES;
				CLANG_WARN_RANGE_LOOP_ANALYSIS = YES;
				CLANG_WARN_STRICT_PROTOTYPES = YES;
				CLANG_WARN_SUSPICIOUS_MOVE = YES;
				CLANG_WARN_UNGUARDED_AVAILABILITY = YES_AGGRESSIVE;
				CLANG_WARN_UNREACHABLE_CODE = YES;
				CLANG_WARN__DUPLICATE_METHOD_MATCH = YES;
				COPY_PHASE_STRIP = NO;
				DEAD_CODE_STRIPPING = YES;
				DEBUG_INFORMATION_FORMAT = "dwarf-with-dsym";
				ENABLE_NS_ASSERTIONS = NO;
				ENABLE_STRICT_OBJC_MSGSEND = YES;
				GCC_C_LANGUAGE_STANDARD = gnu11;
				GCC_NO_COMMON_BLOCKS = YES;
				GCC_WARN_64_TO_32_BIT_CONVERSION = YES;
				GCC_WARN_ABOUT_RETURN_TYPE = YES_ERROR;
				GCC_WARN_UNDECLARED_SELECTOR = YES;
				GCC_WARN_UNINITIALIZED_AUTOS = YES_AGGRESSIVE;
				GCC_WARN_UNUSED_FUNCTION = YES;
				GCC_WARN_UNUSED_VARIABLE = YES;
				MTL_ENABLE_DEBUG_INFO = NO;
				MTL_FAST_MATH = YES;
				SWIFT_COMPILATION_MODE = wholemodule;
				SWIFT_OPTIMIZATION_LEVEL = "-O";
			};
			name = Release;
		};
		08E3F0B12879C32D002D98CD /* Debug */ = {
			isa = XCBuildConfiguration;
			buildSettings = {
				ASSETCATALOG_COMPILER_APPICON_NAME = AppIcon;
				ASSETCATALOG_COMPILER_GLOBAL_ACCENT_COLOR_NAME = AccentColor;
				CODE_SIGN_ENTITLEMENTS = DefaultsSample/DefaultsSample.entitlements;
				CODE_SIGN_IDENTITY = "-";
				"CODE_SIGN_IDENTITY[sdk=iphoneos*]" = "Apple Development";
				CODE_SIGN_STYLE = Automatic;
				CURRENT_PROJECT_VERSION = 1;
				DEAD_CODE_STRIPPING = YES;
				DEVELOPMENT_ASSET_PATHS = "\"DefaultsSample/Preview Content\"";
				ENABLE_PREVIEWS = YES;
				GENERATE_INFOPLIST_FILE = YES;
				"INFOPLIST_KEY_UIApplicationSceneManifest_Generation[sdk=iphoneos*]" = YES;
				"INFOPLIST_KEY_UIApplicationSceneManifest_Generation[sdk=iphonesimulator*]" = YES;
				"INFOPLIST_KEY_UIApplicationSupportsIndirectInputEvents[sdk=iphoneos*]" = YES;
				"INFOPLIST_KEY_UIApplicationSupportsIndirectInputEvents[sdk=iphonesimulator*]" = YES;
				"INFOPLIST_KEY_UILaunchScreen_Generation[sdk=iphoneos*]" = YES;
				"INFOPLIST_KEY_UILaunchScreen_Generation[sdk=iphonesimulator*]" = YES;
				INFOPLIST_KEY_UISupportedInterfaceOrientations_iPad = "UIInterfaceOrientationPortrait UIInterfaceOrientationPortraitUpsideDown UIInterfaceOrientationLandscapeLeft UIInterfaceOrientationLandscapeRight";
				INFOPLIST_KEY_UISupportedInterfaceOrientations_iPhone = "UIInterfaceOrientationPortrait UIInterfaceOrientationLandscapeLeft UIInterfaceOrientationLandscapeRight";
				IPHONEOS_DEPLOYMENT_TARGET = 16.0;
				LD_RUNPATH_SEARCH_PATHS = "@executable_path/Frameworks";
				"LD_RUNPATH_SEARCH_PATHS[sdk=macosx*]" = "@executable_path/../Frameworks";
				MACOSX_DEPLOYMENT_TARGET = 12.4;
				MARKETING_VERSION = 1.0;
				PRODUCT_BUNDLE_IDENTIFIER = com.example.ukjeong.DefaultsSample;
				PRODUCT_NAME = "$(TARGET_NAME)";
				SDKROOT = auto;
				SUPPORTED_PLATFORMS = "iphoneos iphonesimulator macosx";
				SWIFT_EMIT_LOC_STRINGS = YES;
				SWIFT_VERSION = 5.0;
				TARGETED_DEVICE_FAMILY = "1,2";
			};
			name = Debug;
		};
		08E3F0B22879C32D002D98CD /* Release */ = {
			isa = XCBuildConfiguration;
			buildSettings = {
				ASSETCATALOG_COMPILER_APPICON_NAME = AppIcon;
				ASSETCATALOG_COMPILER_GLOBAL_ACCENT_COLOR_NAME = AccentColor;
				CODE_SIGN_ENTITLEMENTS = DefaultsSample/DefaultsSample.entitlements;
				CODE_SIGN_IDENTITY = "-";
				"CODE_SIGN_IDENTITY[sdk=iphoneos*]" = "Apple Development";
				CODE_SIGN_STYLE = Automatic;
				CURRENT_PROJECT_VERSION = 1;
				DEAD_CODE_STRIPPING = YES;
				DEVELOPMENT_ASSET_PATHS = "\"DefaultsSample/Preview Content\"";
				ENABLE_PREVIEWS = YES;
				GENERATE_INFOPLIST_FILE = YES;
				"INFOPLIST_KEY_UIApplicationSceneManifest_Generation[sdk=iphoneos*]" = YES;
				"INFOPLIST_KEY_UIApplicationSceneManifest_Generation[sdk=iphonesimulator*]" = YES;
				"INFOPLIST_KEY_UIApplicationSupportsIndirectInputEvents[sdk=iphoneos*]" = YES;
				"INFOPLIST_KEY_UIApplicationSupportsIndirectInputEvents[sdk=iphonesimulator*]" = YES;
				"INFOPLIST_KEY_UILaunchScreen_Generation[sdk=iphoneos*]" = YES;
				"INFOPLIST_KEY_UILaunchScreen_Generation[sdk=iphonesimulator*]" = YES;
				INFOPLIST_KEY_UISupportedInterfaceOrientations_iPad = "UIInterfaceOrientationPortrait UIInterfaceOrientationPortraitUpsideDown UIInterfaceOrientationLandscapeLeft UIInterfaceOrientationLandscapeRight";
				INFOPLIST_KEY_UISupportedInterfaceOrientations_iPhone = "UIInterfaceOrientationPortrait UIInterfaceOrientationLandscapeLeft UIInterfaceOrientationLandscapeRight";
				IPHONEOS_DEPLOYMENT_TARGET = 16.0;
				LD_RUNPATH_SEARCH_PATHS = "@executable_path/Frameworks";
				"LD_RUNPATH_SEARCH_PATHS[sdk=macosx*]" = "@executable_path/../Frameworks";
				MACOSX_DEPLOYMENT_TARGET = 12.4;
				MARKETING_VERSION = 1.0;
				PRODUCT_BUNDLE_IDENTIFIER = com.example.ukjeong.DefaultsSample;
				PRODUCT_NAME = "$(TARGET_NAME)";
				SDKROOT = auto;
				SUPPORTED_PLATFORMS = "iphoneos iphonesimulator macosx";
				SWIFT_EMIT_LOC_STRINGS = YES;
				SWIFT_VERSION = 5.0;
				TARGETED_DEVICE_FAMILY = "1,2";
			};
			name = Release;
		};
		08E3F0B42879C32D002D98CD /* Debug */ = {
			isa = XCBuildConfiguration;
			buildSettings = {
				ALWAYS_EMBED_SWIFT_STANDARD_LIBRARIES = YES;
				BUNDLE_LOADER = "$(TEST_HOST)";
				CODE_SIGN_STYLE = Automatic;
				CURRENT_PROJECT_VERSION = 1;
				DEAD_CODE_STRIPPING = YES;
				GENERATE_INFOPLIST_FILE = YES;
				IPHONEOS_DEPLOYMENT_TARGET = 16.0;
				MACOSX_DEPLOYMENT_TARGET = 12.4;
				MARKETING_VERSION = 1.0;
				PRODUCT_BUNDLE_IDENTIFIER = com.example.ukjeong.DefaultsSampleTests;
				PRODUCT_NAME = "$(TARGET_NAME)";
				SDKROOT = auto;
				SUPPORTED_PLATFORMS = "iphoneos iphonesimulator macosx";
				SWIFT_EMIT_LOC_STRINGS = NO;
				SWIFT_VERSION = 5.0;
				TARGETED_DEVICE_FAMILY = "1,2";
				TEST_HOST = "$(BUILT_PRODUCTS_DIR)/DefaultsSample.app/$(BUNDLE_EXECUTABLE_FOLDER_PATH)/DefaultsSample";
			};
			name = Debug;
		};
		08E3F0B52879C32D002D98CD /* Release */ = {
			isa = XCBuildConfiguration;
			buildSettings = {
				ALWAYS_EMBED_SWIFT_STANDARD_LIBRARIES = YES;
				BUNDLE_LOADER = "$(TEST_HOST)";
				CODE_SIGN_STYLE = Automatic;
				CURRENT_PROJECT_VERSION = 1;
				DEAD_CODE_STRIPPING = YES;
				GENERATE_INFOPLIST_FILE = YES;
				IPHONEOS_DEPLOYMENT_TARGET = 16.0;
				MACOSX_DEPLOYMENT_TARGET = 12.4;
				MARKETING_VERSION = 1.0;
				PRODUCT_BUNDLE_IDENTIFIER = com.example.ukjeong.DefaultsSampleTests;
				PRODUCT_NAME = "$(TARGET_NAME)";
				SDKROOT = auto;
				SUPPORTED_PLATFORMS = "iphoneos iphonesimulator macosx";
				SWIFT_EMIT_LOC_STRINGS = NO;
				SWIFT_VERSION = 5.0;
				TARGETED_DEVICE_FAMILY = "1,2";
				TEST_HOST = "$(BUILT_PRODUCTS_DIR)/DefaultsSample.app/$(BUNDLE_EXECUTABLE_FOLDER_PATH)/DefaultsSample";
			};
			name = Release;
		};
		08E3F0B72879C32D002D98CD /* Debug */ = {
			isa = XCBuildConfiguration;
			buildSettings = {
				ALWAYS_EMBED_SWIFT_STANDARD_LIBRARIES = YES;
				CODE_SIGN_STYLE = Automatic;
				CURRENT_PROJECT_VERSION = 1;
				DEAD_CODE_STRIPPING = YES;
				GENERATE_INFOPLIST_FILE = YES;
				IPHONEOS_DEPLOYMENT_TARGET = 16.0;
				MACOSX_DEPLOYMENT_TARGET = 12.4;
				MARKETING_VERSION = 1.0;
				PRODUCT_BUNDLE_IDENTIFIER = com.example.ukjeong.DefaultsSampleUITests;
				PRODUCT_NAME = "$(TARGET_NAME)";
				SDKROOT = auto;
				SUPPORTED_PLATFORMS = "iphoneos iphonesimulator macosx";
				SWIFT_EMIT_LOC_STRINGS = NO;
				SWIFT_VERSION = 5.0;
				TARGETED_DEVICE_FAMILY = "1,2";
				TEST_TARGET_NAME = DefaultsSample;
			};
			name = Debug;
		};
		08E3F0B82879C32D002D98CD /* Release */ = {
			isa = XCBuildConfiguration;
			buildSettings = {
				ALWAYS_EMBED_SWIFT_STANDARD_LIBRARIES = YES;
				CODE_SIGN_STYLE = Automatic;
				CURRENT_PROJECT_VERSION = 1;
				DEAD_CODE_STRIPPING = YES;
				GENERATE_INFOPLIST_FILE = YES;
				IPHONEOS_DEPLOYMENT_TARGET = 16.0;
				MACOSX_DEPLOYMENT_TARGET = 12.4;
				MARKETING_VERSION = 1.0;
				PRODUCT_BUNDLE_IDENTIFIER = com.example.ukjeong.DefaultsSampleUITests;
				PRODUCT_NAME = "$(TARGET_NAME)";
				SDKROOT = auto;
				SUPPORTED_PLATFORMS = "iphoneos iphonesimulator macosx";
				SWIFT_EMIT_LOC_STRINGS = NO;
				SWIFT_VERSION = 5.0;
				TARGETED_DEVICE_FAMILY = "1,2";
				TEST_TARGET_NAME = DefaultsSample;
			};
			name = Release;
		};
/* End XCBuildConfiguration section */

/* Begin XCConfigurationList section */
		08E3F0862879C32C002D98CD /* Build configuration list for PBXProject "DefaultsSample" */ = {
			isa = XCConfigurationList;
			buildConfigurations = (
				08E3F0AE2879C32D002D98CD /* Debug */,
				08E3F0AF2879C32D002D98CD /* Release */,
			);
			defaultConfigurationIsVisible = 0;
			defaultConfigurationName = Release;
		};
		08E3F0B02879C32D002D98CD /* Build configuration list for PBXNativeTarget "DefaultsSample" */ = {
			isa = XCConfigurationList;
			buildConfigurations = (
				08E3F0B12879C32D002D98CD /* Debug */,
				08E3F0B22879C32D002D98CD /* Release */,
			);
			defaultConfigurationIsVisible = 0;
			defaultConfigurationName = Release;
		};
		08E3F0B32879C32D002D98CD /* Build configuration list for PBXNativeTarget "DefaultsSampleTests" */ = {
			isa = XCConfigurationList;
			buildConfigurations = (
				08E3F0B42879C32D002D98CD /* Debug */,
				08E3F0B52879C32D002D98CD /* Release */,
			);
			defaultConfigurationIsVisible = 0;
			defaultConfigurationName = Release;
		};
		08E3F0B62879C32D002D98CD /* Build configuration list for PBXNativeTarget "DefaultsSampleUITests" */ = {
			isa = XCConfigurationList;
			buildConfigurations = (
				08E3F0B72879C32D002D98CD /* Debug */,
				08E3F0B82879C32D002D98CD /* Release */,
			);
			defaultConfigurationIsVisible = 0;
			defaultConfigurationName = Release;
		};
/* End XCConfigurationList section */

/* Begin XCSwiftPackageProductDependency section */
		0815D0BF28AA2F4400045F6C /* UserDefaultsObjectCoder */ = {
			isa = XCSwiftPackageProductDependency;
			productName = UserDefaultsObjectCoder;
		};
		08E3F0CB2879C67D002D98CD /* UserDefaultsWrapper */ = {
			isa = XCSwiftPackageProductDependency;
			productName = UserDefaultsWrapper;
		};
/* End XCSwiftPackageProductDependency section */
	};
	rootObject = 08E3F0832879C32C002D98CD /* Project object */;
}
